
Microsoft Visual Studio Solution File, Format Version 12.00
# Visual Studio 15
Project("{FAE04EC0-301F-11D3-BF4B-00C04F79EFBC}") = "UnityEngine.TestRunner", "UnityEngine.TestRunner.csproj", "{6C26BA05-1D9C-F599-A74B-BB0C39B89062}"
EndProject
Project("{FAE04EC0-301F-11D3-BF4B-00C04F79EFBC}") = "Unity.2D.Animation.Triangle.Runtime", "Unity.2D.Animation.Triangle.Runtime.csproj", "{0A8BAC6B-2036-C4DF-07E2-9B1D97000F74}"
EndProject
Project("{FAE04EC0-301F-11D3-BF4B-00C04F79EFBC}") = "UnityEngine.UI", "UnityEngine.UI.csproj", "{7E90057E-FB7D-7A8A-F828-401B163C244A}"
EndProject
Project("{FAE04EC0-301F-11D3-BF4B-00C04F79EFBC}") = "Unity.TextMeshPro", "Unity.TextMeshPro.csproj", "{DA61303D-9A0F-464C-9B4D-88267010D602}"
EndProject
Project("{FAE04EC0-301F-11D3-BF4B-00C04F79EFBC}") = "Unity.2D.Animation.Runtime", "Unity.2D.Animation.Runtime.csproj", "{E913EEA4-F3A4-B1DA-B631-6118505E5886}"
EndProject
Project("{FAE04EC0-301F-11D3-BF4B-00C04F79EFBC}") = "Unity.Timeline", "Unity.Timeline.csproj", "{B48C050A-8106-F8BE-567A-FA7951DF6441}"
EndProject
Project("{FAE04EC0-301F-11D3-BF4B-00C04F79EFBC}") = "Cinemachine", "Cinemachine.csproj", "{9B9B9F0E-EC3F-A99D-8DB0-D41ED61F07A1}"
EndProject
Project("{FAE04EC0-301F-11D3-BF4B-00C04F79EFBC}") = "Unity.Mathematics", "Unity.Mathematics.csproj", "{8DE9AD56-94D8-C783-5DEC-AF92D0EA69B9}"
EndProject
Project("{FAE04EC0-301F-11D3-BF4B-00C04F79EFBC}") = "Unity.2D.SpriteShape.Runtime", "Unity.2D.SpriteShape.Runtime.csproj", "{68DE5104-09CC-DE35-506D-256451887F1D}"
EndProject
Project("{FAE04EC0-301F-11D3-BF4B-00C04F79EFBC}") = "Assembly-CSharp", "Assembly-CSharp.csproj", "{4CF8333C-0521-55EC-BF4C-A94E6153105F}"
EndProject
Project("{FAE04EC0-301F-11D3-BF4B-00C04F79EFBC}") = "Unity.InternalAPIEngineBridge.001", "Unity.InternalAPIEngineBridge.001.csproj", "{A65EAF4B-4922-77B6-0974-F1CC64E29B42}"
EndProject
Project("{FAE04EC0-301F-11D3-BF4B-00C04F79EFBC}") = "Unity.2D.Common.Runtime", "Unity.2D.Common.Runtime.csproj", "{7E9F0CF7-5241-EEBE-2397-6C78892E0248}"
EndProject
Project("{FAE04EC0-301F-11D3-BF4B-00C04F79EFBC}") = "UnityEditor.TestRunner", "UnityEditor.TestRunner.csproj", "{E10FF0D5-0694-7A05-45F2-501065076F1F}"
EndProject
Project("{FAE04EC0-301F-11D3-BF4B-00C04F79EFBC}") = "Unity.TextMeshPro.Editor", "Unity.TextMeshPro.Editor.csproj", "{82D7C87E-C55D-35B2-4632-B0A5BF731CC8}"
EndProject
Project("{FAE04EC0-301F-11D3-BF4B-00C04F79EFBC}") = "Unity.Timeline.Editor", "Unity.Timeline.Editor.csproj", "{BAC974BF-A94B-B1CE-F104-65035D910C6F}"
EndProject
Project("{FAE04EC0-301F-11D3-BF4B-00C04F79EFBC}") = "Unity.2D.Animation.Editor", "Unity.2D.Animation.Editor.csproj", "{1B2C09B3-26A0-261E-6DC6-049524A1CE4D}"
EndProject
Project("{FAE04EC0-301F-11D3-BF4B-00C04F79EFBC}") = "Unity.2D.Path.Editor", "Unity.2D.Path.Editor.csproj", "{1073DE3F-B4A2-F072-C145-930037958CB2}"
EndProject
Project("{FAE04EC0-301F-11D3-BF4B-00C04F79EFBC}") = "Unity.2D.Sprite.Editor", "Unity.2D.Sprite.Editor.csproj", "{2A1C120E-FA06-2912-6A83-0A236E19B019}"
EndProject
Project("{FAE04EC0-301F-11D3-BF4B-00C04F79EFBC}") = "com.unity.cinemachine.editor", "com.unity.cinemachine.editor.csproj", "{FD8AD607-B32D-AFB4-D656-85D1C62535E8}"
EndProject
Project("{FAE04EC0-301F-11D3-BF4B-00C04F79EFBC}") = "UnityEditor.UI", "UnityEditor.UI.csproj", "{98CDD7BD-1BB2-FADC-FCBF-BE5783D47642}"
EndProject
Project("{FAE04EC0-301F-11D3-BF4B-00C04F79EFBC}") = "Unity.2D.Tilemap.Editor", "Unity.2D.Tilemap.Editor.csproj", "{BDCA44A0-F5F8-538B-6FD1-9182A444CAE3}"
EndProject
Project("{FAE04EC0-301F-11D3-BF4B-00C04F79EFBC}") = "Unity.VisualStudio.Editor", "Unity.VisualStudio.Editor.csproj", "{0DF92A97-4DE5-E43F-E6E9-FFEF01B57D59}"
EndProject
Project("{FAE04EC0-301F-11D3-BF4B-00C04F79EFBC}") = "Unity.2D.SpriteShape.Editor", "Unity.2D.SpriteShape.Editor.csproj", "{D6B0D711-BE42-2904-7C34-4AC17C1B5C25}"
EndProject
Project("{FAE04EC0-301F-11D3-BF4B-00C04F79EFBC}") = "PsdPlugin", "PsdPlugin.csproj", "{C1E123C5-A04E-C714-46FD-AD0BA98689DE}"
EndProject
Project("{FAE04EC0-301F-11D3-BF4B-00C04F79EFBC}") = "Unity.2D.Common.Editor", "Unity.2D.Common.Editor.csproj", "{34FA71D5-06C8-3CD3-7252-0C4FF5C9B51C}"
EndProject
Project("{FAE04EC0-301F-11D3-BF4B-00C04F79EFBC}") = "Unity.VSCode.Editor", "Unity.VSCode.Editor.csproj", "{A9DD55D1-D538-F961-1C22-7805B1FABEC4}"
EndProject
Project("{FAE04EC0-301F-11D3-BF4B-00C04F79EFBC}") = "Unity.2D.Psdimporter.Editor", "Unity.2D.Psdimporter.Editor.csproj", "{B1C24878-E041-ECBB-1863-35A2A69A8C59}"
EndProject
Project("{FAE04EC0-301F-11D3-BF4B-00C04F79EFBC}") = "Unity.Mathematics.Editor", "Unity.Mathematics.Editor.csproj", "{F68A1101-B17D-6BE7-7CC3-18335CFEDE8A}"
EndProject
Project("{FAE04EC0-301F-11D3-BF4B-00C04F79EFBC}") = "Unity.InternalAPIEditorBridge.001", "Unity.InternalAPIEditorBridge.001.csproj", "{CD035050-BD49-0948-8DC1-881364D17CE1}"
EndProject
Global
	GlobalSection(SolutionConfigurationPlatforms) = preSolution
		Debug|Any CPU = Debug|Any CPU
		Release|Any CPU = Release|Any CPU
	EndGlobalSection
	GlobalSection(ProjectConfigurationPlatforms) = postSolution
		{6C26BA05-1D9C-F599-A74B-BB0C39B89062}.Debug|Any CPU.ActiveCfg = Debug|Any CPU
		{6C26BA05-1D9C-F599-A74B-BB0C39B89062}.Debug|Any CPU.Build.0 = Debug|Any CPU
		{6C26BA05-1D9C-F599-A74B-BB0C39B89062}.Release|Any CPU.ActiveCfg = Release|Any CPU
		{6C26BA05-1D9C-F599-A74B-BB0C39B89062}.Release|Any CPU.Build.0 = Release|Any CPU
		{0A8BAC6B-2036-C4DF-07E2-9B1D97000F74}.Debug|Any CPU.ActiveCfg = Debug|Any CPU
		{0A8BAC6B-2036-C4DF-07E2-9B1D97000F74}.Debug|Any CPU.Build.0 = Debug|Any CPU
		{0A8BAC6B-2036-C4DF-07E2-9B1D97000F74}.Release|Any CPU.ActiveCfg = Release|Any CPU
		{0A8BAC6B-2036-C4DF-07E2-9B1D97000F74}.Release|Any CPU.Build.0 = Release|Any CPU
		{7E90057E-FB7D-7A8A-F828-401B163C244A}.Debug|Any CPU.ActiveCfg = Debug|Any CPU
		{7E90057E-FB7D-7A8A-F828-401B163C244A}.Debug|Any CPU.Build.0 = Debug|Any CPU
		{7E90057E-FB7D-7A8A-F828-401B163C244A}.Release|Any CPU.ActiveCfg = Release|Any CPU
		{7E90057E-FB7D-7A8A-F828-401B163C244A}.Release|Any CPU.Build.0 = Release|Any CPU
		{DA61303D-9A0F-464C-9B4D-88267010D602}.Debug|Any CPU.ActiveCfg = Debug|Any CPU
		{DA61303D-9A0F-464C-9B4D-88267010D602}.Debug|Any CPU.Build.0 = Debug|Any CPU
		{DA61303D-9A0F-464C-9B4D-88267010D602}.Release|Any CPU.ActiveCfg = Release|Any CPU
		{DA61303D-9A0F-464C-9B4D-88267010D602}.Release|Any CPU.Build.0 = Release|Any CPU
		{E913EEA4-F3A4-B1DA-B631-6118505E5886}.Debug|Any CPU.ActiveCfg = Debug|Any CPU
		{E913EEA4-F3A4-B1DA-B631-6118505E5886}.Debug|Any CPU.Build.0 = Debug|Any CPU
		{E913EEA4-F3A4-B1DA-B631-6118505E5886}.Release|Any CPU.ActiveCfg = Release|Any CPU
		{E913EEA4-F3A4-B1DA-B631-6118505E5886}.Release|Any CPU.Build.0 = Release|Any CPU
		{B48C050A-8106-F8BE-567A-FA7951DF6441}.Debug|Any CPU.ActiveCfg = Debug|Any CPU
		{B48C050A-8106-F8BE-567A-FA7951DF6441}.Debug|Any CPU.Build.0 = Debug|Any CPU
		{B48C050A-8106-F8BE-567A-FA7951DF6441}.Release|Any CPU.ActiveCfg = Release|Any CPU
		{B48C050A-8106-F8BE-567A-FA7951DF6441}.Release|Any CPU.Build.0 = Release|Any CPU
		{9B9B9F0E-EC3F-A99D-8DB0-D41ED61F07A1}.Debug|Any CPU.ActiveCfg = Debug|Any CPU
		{9B9B9F0E-EC3F-A99D-8DB0-D41ED61F07A1}.Debug|Any CPU.Build.0 = Debug|Any CPU
		{9B9B9F0E-EC3F-A99D-8DB0-D41ED61F07A1}.Release|Any CPU.ActiveCfg = Release|Any CPU
		{9B9B9F0E-EC3F-A99D-8DB0-D41ED61F07A1}.Release|Any CPU.Build.0 = Release|Any CPU
		{8DE9AD56-94D8-C783-5DEC-AF92D0EA69B9}.Debug|Any CPU.ActiveCfg = Debug|Any CPU
		{8DE9AD56-94D8-C783-5DEC-AF92D0EA69B9}.Debug|Any CPU.Build.0 = Debug|Any CPU
		{8DE9AD56-94D8-C783-5DEC-AF92D0EA69B9}.Release|Any CPU.ActiveCfg = Release|Any CPU
		{8DE9AD56-94D8-C783-5DEC-AF92D0EA69B9}.Release|Any CPU.Build.0 = Release|Any CPU
		{68DE5104-09CC-DE35-506D-256451887F1D}.Debug|Any CPU.ActiveCfg = Debug|Any CPU
		{68DE5104-09CC-DE35-506D-256451887F1D}.Debug|Any CPU.Build.0 = Debug|Any CPU
		{68DE5104-09CC-DE35-506D-256451887F1D}.Release|Any CPU.ActiveCfg = Release|Any CPU
		{68DE5104-09CC-DE35-506D-256451887F1D}.Release|Any CPU.Build.0 = Release|Any CPU
		{4CF8333C-0521-55EC-BF4C-A94E6153105F}.Debug|Any CPU.ActiveCfg = Debug|Any CPU
		{4CF8333C-0521-55EC-BF4C-A94E6153105F}.Debug|Any CPU.Build.0 = Debug|Any CPU
		{4CF8333C-0521-55EC-BF4C-A94E6153105F}.Release|Any CPU.ActiveCfg = Release|Any CPU
		{4CF8333C-0521-55EC-BF4C-A94E6153105F}.Release|Any CPU.Build.0 = Release|Any CPU
		{A65EAF4B-4922-77B6-0974-F1CC64E29B42}.Debug|Any CPU.ActiveCfg = Debug|Any CPU
		{A65EAF4B-4922-77B6-0974-F1CC64E29B42}.Debug|Any CPU.Build.0 = Debug|Any CPU
		{A65EAF4B-4922-77B6-0974-F1CC64E29B42}.Release|Any CPU.ActiveCfg = Release|Any CPU
		{A65EAF4B-4922-77B6-0974-F1CC64E29B42}.Release|Any CPU.Build.0 = Release|Any CPU
		{7E9F0CF7-5241-EEBE-2397-6C78892E0248}.Debug|Any CPU.ActiveCfg = Debug|Any CPU
		{7E9F0CF7-5241-EEBE-2397-6C78892E0248}.Debug|Any CPU.Build.0 = Debug|Any CPU
		{7E9F0CF7-5241-EEBE-2397-6C78892E0248}.Release|Any CPU.ActiveCfg = Release|Any CPU
		{7E9F0CF7-5241-EEBE-2397-6C78892E0248}.Release|Any CPU.Build.0 = Release|Any CPU
		{E10FF0D5-0694-7A05-45F2-501065076F1F}.Debug|Any CPU.ActiveCfg = Debug|Any CPU
		{E10FF0D5-0694-7A05-45F2-501065076F1F}.Debug|Any CPU.Build.0 = Debug|Any CPU
		{E10FF0D5-0694-7A05-45F2-501065076F1F}.Release|Any CPU.ActiveCfg = Release|Any CPU
		{E10FF0D5-0694-7A05-45F2-501065076F1F}.Release|Any CPU.Build.0 = Release|Any CPU
		{82D7C87E-C55D-35B2-4632-B0A5BF731CC8}.Debug|Any CPU.ActiveCfg = Debug|Any CPU
		{82D7C87E-C55D-35B2-4632-B0A5BF731CC8}.Debug|Any CPU.Build.0 = Debug|Any CPU
		{82D7C87E-C55D-35B2-4632-B0A5BF731CC8}.Release|Any CPU.ActiveCfg = Release|Any CPU
		{82D7C87E-C55D-35B2-4632-B0A5BF731CC8}.Release|Any CPU.Build.0 = Release|Any CPU
		{BAC974BF-A94B-B1CE-F104-65035D910C6F}.Debug|Any CPU.ActiveCfg = Debug|Any CPU
		{BAC974BF-A94B-B1CE-F104-65035D910C6F}.Debug|Any CPU.Build.0 = Debug|Any CPU
		{BAC974BF-A94B-B1CE-F104-65035D910C6F}.Release|Any CPU.ActiveCfg = Release|Any CPU
		{BAC974BF-A94B-B1CE-F104-65035D910C6F}.Release|Any CPU.Build.0 = Release|Any CPU
		{1B2C09B3-26A0-261E-6DC6-049524A1CE4D}.Debug|Any CPU.ActiveCfg = Debug|Any CPU
		{1B2C09B3-26A0-261E-6DC6-049524A1CE4D}.Debug|Any CPU.Build.0 = Debug|Any CPU
		{1B2C09B3-26A0-261E-6DC6-049524A1CE4D}.Release|Any CPU.ActiveCfg = Release|Any CPU
		{1B2C09B3-26A0-261E-6DC6-049524A1CE4D}.Release|Any CPU.Build.0 = Release|Any CPU
		{1073DE3F-B4A2-F072-C145-930037958CB2}.Debug|Any CPU.ActiveCfg = Debug|Any CPU
		{1073DE3F-B4A2-F072-C145-930037958CB2}.Debug|Any CPU.Build.0 = Debug|Any CPU
		{1073DE3F-B4A2-F072-C145-930037958CB2}.Release|Any CPU.ActiveCfg = Release|Any CPU
		{1073DE3F-B4A2-F072-C145-930037958CB2}.Release|Any CPU.Build.0 = Release|Any CPU
		{2A1C120E-FA06-2912-6A83-0A236E19B019}.Debug|Any CPU.ActiveCfg = Debug|Any CPU
		{2A1C120E-FA06-2912-6A83-0A236E19B019}.Debug|Any CPU.Build.0 = Debug|Any CPU
		{2A1C120E-FA06-2912-6A83-0A236E19B019}.Release|Any CPU.ActiveCfg = Release|Any CPU
		{2A1C120E-FA06-2912-6A83-0A236E19B019}.Release|Any CPU.Build.0 = Release|Any CPU
		{FD8AD607-B32D-AFB4-D656-85D1C62535E8}.Debug|Any CPU.ActiveCfg = Debug|Any CPU
		{FD8AD607-B32D-AFB4-D656-85D1C62535E8}.Debug|Any CPU.Build.0 = Debug|Any CPU
		{FD8AD607-B32D-AFB4-D656-85D1C62535E8}.Release|Any CPU.ActiveCfg = Release|Any CPU
		{FD8AD607-B32D-AFB4-D656-85D1C62535E8}.Release|Any CPU.Build.0 = Release|Any CPU
		{98CDD7BD-1BB2-FADC-FCBF-BE5783D47642}.Debug|Any CPU.ActiveCfg = Debug|Any CPU
		{98CDD7BD-1BB2-FADC-FCBF-BE5783D47642}.Debug|Any CPU.Build.0 = Debug|Any CPU
		{98CDD7BD-1BB2-FADC-FCBF-BE5783D47642}.Release|Any CPU.ActiveCfg = Release|Any CPU
		{98CDD7BD-1BB2-FADC-FCBF-BE5783D47642}.Release|Any CPU.Build.0 = Release|Any CPU
		{BDCA44A0-F5F8-538B-6FD1-9182A444CAE3}.Debug|Any CPU.ActiveCfg = Debug|Any CPU
		{BDCA44A0-F5F8-538B-6FD1-9182A444CAE3}.Debug|Any CPU.Build.0 = Debug|Any CPU
		{BDCA44A0-F5F8-538B-6FD1-9182A444CAE3}.Release|Any CPU.ActiveCfg = Release|Any CPU
		{BDCA44A0-F5F8-538B-6FD1-9182A444CAE3}.Release|Any CPU.Build.0 = Release|Any CPU
		{0DF92A97-4DE5-E43F-E6E9-FFEF01B57D59}.Debug|Any CPU.ActiveCfg = Debug|Any CPU
		{0DF92A97-4DE5-E43F-E6E9-FFEF01B57D59}.Debug|Any CPU.Build.0 = Debug|Any CPU
		{0DF92A97-4DE5-E43F-E6E9-FFEF01B57D59}.Release|Any CPU.ActiveCfg = Release|Any CPU
		{0DF92A97-4DE5-E43F-E6E9-FFEF01B57D59}.Release|Any CPU.Build.0 = Release|Any CPU
		{D6B0D711-BE42-2904-7C34-4AC17C1B5C25}.Debug|Any CPU.ActiveCfg = Debug|Any CPU
		{D6B0D711-BE42-2904-7C34-4AC17C1B5C25}.Debug|Any CPU.Build.0 = Debug|Any CPU
		{D6B0D711-BE42-2904-7C34-4AC17C1B5C25}.Release|Any CPU.ActiveCfg = Release|Any CPU
		{D6B0D711-BE42-2904-7C34-4AC17C1B5C25}.Release|Any CPU.Build.0 = Release|Any CPU
		{C1E123C5-A04E-C714-46FD-AD0BA98689DE}.Debug|Any CPU.ActiveCfg = Debug|Any CPU
		{C1E123C5-A04E-C714-46FD-AD0BA98689DE}.Debug|Any CPU.Build.0 = Debug|Any CPU
		{C1E123C5-A04E-C714-46FD-AD0BA98689DE}.Release|Any CPU.ActiveCfg = Release|Any CPU
		{C1E123C5-A04E-C714-46FD-AD0BA98689DE}.Release|Any CPU.Build.0 = Release|Any CPU
		{34FA71D5-06C8-3CD3-7252-0C4FF5C9B51C}.Debug|Any CPU.ActiveCfg = Debug|Any CPU
		{34FA71D5-06C8-3CD3-7252-0C4FF5C9B51C}.Debug|Any CPU.Build.0 = Debug|Any CPU
		{34FA71D5-06C8-3CD3-7252-0C4FF5C9B51C}.Release|Any CPU.ActiveCfg = Release|Any CPU
		{34FA71D5-06C8-3CD3-7252-0C4FF5C9B51C}.Release|Any CPU.Build.0 = Release|Any CPU
		{A9DD55D1-D538-F961-1C22-7805B1FABEC4}.Debug|Any CPU.ActiveCfg = Debug|Any CPU
		{A9DD55D1-D538-F961-1C22-7805B1FABEC4}.Debug|Any CPU.Build.0 = Debug|Any CPU
		{A9DD55D1-D538-F961-1C22-7805B1FABEC4}.Release|Any CPU.ActiveCfg = Release|Any CPU
		{A9DD55D1-D538-F961-1C22-7805B1FABEC4}.Release|Any CPU.Build.0 = Release|Any CPU
		{B1C24878-E041-ECBB-1863-35A2A69A8C59}.Debug|Any CPU.ActiveCfg = Debug|Any CPU
		{B1C24878-E041-ECBB-1863-35A2A69A8C59}.Debug|Any CPU.Build.0 = Debug|Any CPU
		{B1C24878-E041-ECBB-1863-35A2A69A8C59}.Release|Any CPU.ActiveCfg = Release|Any CPU
		{B1C24878-E041-ECBB-1863-35A2A69A8C59}.Release|Any CPU.Build.0 = Release|Any CPU
		{F68A1101-B17D-6BE7-7CC3-18335CFEDE8A}.Debug|Any CPU.ActiveCfg = Debug|Any CPU
		{F68A1101-B17D-6BE7-7CC3-18335CFEDE8A}.Debug|Any CPU.Build.0 = Debug|Any CPU
		{F68A1101-B17D-6BE7-7CC3-18335CFEDE8A}.Release|Any CPU.ActiveCfg = Release|Any CPU
		{F68A1101-B17D-6BE7-7CC3-18335CFEDE8A}.Release|Any CPU.Build.0 = Release|Any CPU
		{CD035050-BD49-0948-8DC1-881364D17CE1}.Debug|Any CPU.ActiveCfg = Debug|Any CPU
		{CD035050-BD49-0948-8DC1-881364D17CE1}.Debug|Any CPU.Build.0 = Debug|Any CPU
		{CD035050-BD49-0948-8DC1-881364D17CE1}.Release|Any CPU.ActiveCfg = Release|Any CPU
		{CD035050-BD49-0948-8DC1-881364D17CE1}.Release|Any CPU.Build.0 = Release|Any CPU
	EndGlobalSection
	GlobalSection(SolutionProperties) = preSolution
		HideSolutionNode = FALSE
	EndGlobalSection
EndGlobal
